
Microsoft Visual Studio Solution File, Format Version 12.00
# Visual Studio Version 16
VisualStudioVersion = 16.0.29411.108
MinimumVisualStudioVersion = 10.0.40219.1
Project("{FAE04EC0-301F-11D3-BF4B-00C04F79EFBC}") = "ASP.Net Identity", "ASP.Net Identity\ASP.Net Identity.csproj", "{5C6A2726-415B-484D-829E-B51EE94DB53E}"
EndProject
Global
	GlobalSection(SolutionConfigurationPlatforms) = preSolution
		Debug|Any CPU = Debug|Any CPU
		Release|Any CPU = Release|Any CPU
	EndGlobalSection
	GlobalSection(ProjectConfigurationPlatforms) = postSolution
		{5C6A2726-415B-484D-829E-B51EE94DB53E}.Debug|Any CPU.ActiveCfg = Debug|Any CPU
		{5C6A2726-415B-484D-829E-B51EE94DB53E}.Debug|Any CPU.Build.0 = Debug|Any CPU
		{5C6A2726-415B-484D-829E-B51EE94DB53E}.Release|Any CPU.ActiveCfg = Release|Any CPU
		{5C6A2726-415B-484D-829E-B51EE94DB53E}.Release|Any CPU.Build.0 = Release|Any CPU
	EndGlobalSection
	GlobalSection(SolutionProperties) = preSolution
		HideSolutionNode = FALSE
	EndGlobalSection
	GlobalSection(ExtensibilityGlobals) = postSolution
		SolutionGuid = {EC3CBD20-AAE2-446C-A4FB-548440407328}
	EndGlobalSection
EndGlobal
